
Microsoft Visual Studio Solution File, Format Version 12.00
# Visual Studio Version 16
VisualStudioVersion = 16.0.30611.23
MinimumVisualStudioVersion = 10.0.40219.1
Project("{FAE04EC0-301F-11D3-BF4B-00C04F79EFBC}") = "Books", "Books.csproj", "{0150D8A8-094B-4252-A3AB-570CC6528DD5}"
EndProject
Global
	GlobalSection(SolutionConfigurationPlatforms) = preSolution
		Debug|Any CPU = Debug|Any CPU
		Release|Any CPU = Release|Any CPU
	EndGlobalSection
	GlobalSection(ProjectConfigurationPlatforms) = postSolution
		{0150D8A8-094B-4252-A3AB-570CC6528DD5}.Debug|Any CPU.ActiveCfg = Debug|Any CPU
		{0150D8A8-094B-4252-A3AB-570CC6528DD5}.Debug|Any CPU.Build.0 = Debug|Any CPU
		{0150D8A8-094B-4252-A3AB-570CC6528DD5}.Release|Any CPU.ActiveCfg = Release|Any CPU
		{0150D8A8-094B-4252-A3AB-570CC6528DD5}.Release|Any CPU.Build.0 = Release|Any CPU
	EndGlobalSection
	GlobalSection(SolutionProperties) = preSolution
		HideSolutionNode = FALSE
	EndGlobalSection
	GlobalSection(ExtensibilityGlobals) = postSolution
		SolutionGuid = {CAA274A1-234E-45D0-ABB2-C357AF3876DD}
	EndGlobalSection
EndGlobal
